
Microsoft Visual Studio Solution File, Format Version 12.00
# Visual Studio Version 16
VisualStudioVersion = 16.0.29326.143
MinimumVisualStudioVersion = 10.0.40219.1
Project("{FAE04EC0-301F-11D3-BF4B-00C04F79EFBC}") = "01. MethodsIntro", "01. MethodsIntro\01. MethodsIntro.csproj", "{7E779941-D2BA-4C2A-A9C0-6AB621B3A080}"
EndProject
Project("{FAE04EC0-301F-11D3-BF4B-00C04F79EFBC}") = "02. MethodsNoReturn", "02. MethodsNoReturn\02. MethodsNoReturn.csproj", "{B97B3181-7F71-4550-9A6F-395B1E6A6C99}"
EndProject
Project("{FAE04EC0-301F-11D3-BF4B-00C04F79EFBC}") = "03. MethodsYesReturn", "03. MethodsYesReturn\03. MethodsYesReturn.csproj", "{3680E74F-1112-4C39-B05F-93DBA1AD96A6}"
EndProject
Project("{FAE04EC0-301F-11D3-BF4B-00C04F79EFBC}") = "04. MethodsChallenge", "04. MethodsChallenge\04. MethodsChallenge.csproj", "{C031FCF0-2006-4306-89E0-A287AC0DF296}"
EndProject
Project("{FAE04EC0-301F-11D3-BF4B-00C04F79EFBC}") = "05. OverloadingMethods", "05. OverloadingMethods\05. OverloadingMethods.csproj", "{F1BBBE72-995A-44F1-9C10-34F6C588C8B0}"
EndProject
Global
	GlobalSection(SolutionConfigurationPlatforms) = preSolution
		Debug|Any CPU = Debug|Any CPU
		Release|Any CPU = Release|Any CPU
	EndGlobalSection
	GlobalSection(ProjectConfigurationPlatforms) = postSolution
		{7E779941-D2BA-4C2A-A9C0-6AB621B3A080}.Debug|Any CPU.ActiveCfg = Debug|Any CPU
		{7E779941-D2BA-4C2A-A9C0-6AB621B3A080}.Debug|Any CPU.Build.0 = Debug|Any CPU
		{7E779941-D2BA-4C2A-A9C0-6AB621B3A080}.Release|Any CPU.ActiveCfg = Release|Any CPU
		{7E779941-D2BA-4C2A-A9C0-6AB621B3A080}.Release|Any CPU.Build.0 = Release|Any CPU
		{B97B3181-7F71-4550-9A6F-395B1E6A6C99}.Debug|Any CPU.ActiveCfg = Debug|Any CPU
		{B97B3181-7F71-4550-9A6F-395B1E6A6C99}.Debug|Any CPU.Build.0 = Debug|Any CPU
		{B97B3181-7F71-4550-9A6F-395B1E6A6C99}.Release|Any CPU.ActiveCfg = Release|Any CPU
		{B97B3181-7F71-4550-9A6F-395B1E6A6C99}.Release|Any CPU.Build.0 = Release|Any CPU
		{3680E74F-1112-4C39-B05F-93DBA1AD96A6}.Debug|Any CPU.ActiveCfg = Debug|Any CPU
		{3680E74F-1112-4C39-B05F-93DBA1AD96A6}.Debug|Any CPU.Build.0 = Debug|Any CPU
		{3680E74F-1112-4C39-B05F-93DBA1AD96A6}.Release|Any CPU.ActiveCfg = Release|Any CPU
		{3680E74F-1112-4C39-B05F-93DBA1AD96A6}.Release|Any CPU.Build.0 = Release|Any CPU
		{C031FCF0-2006-4306-89E0-A287AC0DF296}.Debug|Any CPU.ActiveCfg = Debug|Any CPU
		{C031FCF0-2006-4306-89E0-A287AC0DF296}.Debug|Any CPU.Build.0 = Debug|Any CPU
		{C031FCF0-2006-4306-89E0-A287AC0DF296}.Release|Any CPU.ActiveCfg = Release|Any CPU
		{C031FCF0-2006-4306-89E0-A287AC0DF296}.Release|Any CPU.Build.0 = Release|Any CPU
		{F1BBBE72-995A-44F1-9C10-34F6C588C8B0}.Debug|Any CPU.ActiveCfg = Debug|Any CPU
		{F1BBBE72-995A-44F1-9C10-34F6C588C8B0}.Debug|Any CPU.Build.0 = Debug|Any CPU
		{F1BBBE72-995A-44F1-9C10-34F6C588C8B0}.Release|Any CPU.ActiveCfg = Release|Any CPU
		{F1BBBE72-995A-44F1-9C10-34F6C588C8B0}.Release|Any CPU.Build.0 = Release|Any CPU
	EndGlobalSection
	GlobalSection(SolutionProperties) = preSolution
		HideSolutionNode = FALSE
	EndGlobalSection
	GlobalSection(ExtensibilityGlobals) = postSolution
		SolutionGuid = {DEBD0C3E-69D9-49AB-A674-FDA523401C00}
	EndGlobalSection
EndGlobal
